
Microsoft Visual Studio Solution File, Format Version 12.00
# Visual Studio Version 16
VisualStudioVersion = 16.0.31624.102
MinimumVisualStudioVersion = 10.0.40219.1
Project("{FAE04EC0-301F-11D3-BF4B-00C04F79EFBC}") = "BoundingBoxCoordFinder", "BoundingBoxCoordFinder.csproj", "{20405DD9-6B6E-417B-98DD-53A8B89DAEB2}"
EndProject
Global
	GlobalSection(SolutionConfigurationPlatforms) = preSolution
		Debug|Any CPU = Debug|Any CPU
		Release|Any CPU = Release|Any CPU
	EndGlobalSection
	GlobalSection(ProjectConfigurationPlatforms) = postSolution
		{20405DD9-6B6E-417B-98DD-53A8B89DAEB2}.Debug|Any CPU.ActiveCfg = Debug|Any CPU
		{20405DD9-6B6E-417B-98DD-53A8B89DAEB2}.Debug|Any CPU.Build.0 = Debug|Any CPU
		{20405DD9-6B6E-417B-98DD-53A8B89DAEB2}.Release|Any CPU.ActiveCfg = Release|Any CPU
		{20405DD9-6B6E-417B-98DD-53A8B89DAEB2}.Release|Any CPU.Build.0 = Release|Any CPU
	EndGlobalSection
	GlobalSection(SolutionProperties) = preSolution
		HideSolutionNode = FALSE
	EndGlobalSection
	GlobalSection(ExtensibilityGlobals) = postSolution
		SolutionGuid = {48787A7B-6F11-4906-A8CE-5BC1DD8F11FD}
	EndGlobalSection
EndGlobal
