<?xml version="1.0" encoding="utf-8"?>
<Project ToolsVersion="4.0" xmlns="http://schemas.microsoft.com/developer/msbuild/2003">
  <ItemGroup>
    <Filter Include="Source Files">
      <UniqueIdentifier>{4FC737F1-C7A5-4376-A066-2A32D752A2FF}</UniqueIdentifier>
      <Extensions>cpp;c;cc;cxx;c++;cppm;ixx;def;odl;idl;hpj;bat;asm;asmx</Extensions>
    </Filter>
    <Filter Include="Resource Files">
      <UniqueIdentifier>{67DA6AB6-F800-4c08-8B7A-83BB121AAD01}</UniqueIdentifier>
      <Extensions>rc;ico;cur;bmp;dlg;rc2;rct;bin;rgs;gif;jpg;jpeg;jpe;resx;tiff;tif;png;wav;mfcribbon-ms</Extensions>
    </Filter>
    <Filter Include="App_Readme">
      <UniqueIdentifier>{50a8b73d-5213-48b9-9069-ac6562889e27}</UniqueIdentifier>
    </Filter>
    <Filter Include="HeaderFiles">
      <UniqueIdentifier>{a5935899-52ec-4082-9b5b-9e4d159839d0}</UniqueIdentifier>
    </Filter>
  </ItemGroup>
  <ItemGroup>
    <ClCompile Include="HuntingID.cpp">
      <Filter>Source Files</Filter>
    </ClCompile>
  </ItemGroup>
  <ItemGroup>
    <Text Include="App_Readme\MathNet.Numerics.readme.txt">
      <Filter>App_Readme</Filter>
    </Text>
    <Text Include="App_Readme\MathNet.Numerics.copyright.txt">
      <Filter>App_Readme</Filter>
    </Text>
    <Text Include="App_Readme\MathNet.Numerics.authors.txt">
      <Filter>App_Readme</Filter>
    </Text>
  </ItemGroup>
  <ItemGroup>
    <ClInclude Include="HeaderFiles\FastFourierTransform.h">
      <Filter>HeaderFiles</Filter>
    </ClInclude>
    <ClInclude Include="HeaderFiles\Regression.h">
      <Filter>HeaderFiles</Filter>
    </ClInclude>
    <ClInclude Include="HeaderFiles\TrainInfo.h">
      <Filter>HeaderFiles</Filter>
    </ClInclude>
    <ClInclude Include="HeaderFiles\TriDiagonalMatrix.h">
      <Filter>HeaderFiles</Filter>
    </ClInclude>
    <ClInclude Include="HeaderFiles\Interpolation.h">
      <Filter>HeaderFiles</Filter>
    </ClInclude>
  </ItemGroup>
</Project>